
Microsoft Visual Studio Solution File, Format Version 12.00
# Visual Studio 15
VisualStudioVersion = 15.0.28307.960
MinimumVisualStudioVersion = 10.0.40219.1
Project("{FAE04EC0-301F-11D3-BF4B-00C04F79EFBC}") = "Razor", "Razor\Razor.csproj", "{45E6495C-D413-49AF-ACA7-6FD965DCDBED}"
EndProject
Global
	GlobalSection(SolutionConfigurationPlatforms) = preSolution
		Debug|Any CPU = Debug|Any CPU
		Release|Any CPU = Release|Any CPU
	EndGlobalSection
	GlobalSection(ProjectConfigurationPlatforms) = postSolution
		{45E6495C-D413-49AF-ACA7-6FD965DCDBED}.Debug|Any CPU.ActiveCfg = Debug|Any CPU
		{45E6495C-D413-49AF-ACA7-6FD965DCDBED}.Debug|Any CPU.Build.0 = Debug|Any CPU
		{45E6495C-D413-49AF-ACA7-6FD965DCDBED}.Release|Any CPU.ActiveCfg = Release|Any CPU
		{45E6495C-D413-49AF-ACA7-6FD965DCDBED}.Release|Any CPU.Build.0 = Release|Any CPU
	EndGlobalSection
	GlobalSection(SolutionProperties) = preSolution
		HideSolutionNode = FALSE
	EndGlobalSection
	GlobalSection(ExtensibilityGlobals) = postSolution
		SolutionGuid = {1E7E03D6-5AA1-4DC2-9318-751ECBC09750}
	EndGlobalSection
EndGlobal
