
Microsoft Visual Studio Solution File, Format Version 12.00
# Visual Studio Version 16
VisualStudioVersion = 16.0.29709.97
MinimumVisualStudioVersion = 10.0.40219.1
Project("{9A19103F-16F7-4668-BE54-9A1E7A4F7556}") = "SportsStore", "SportsStore\SportsStore.csproj", "{F1C926C4-A372-4017-99B4-64D34915A736}"
EndProject
Project("{9A19103F-16F7-4668-BE54-9A1E7A4F7556}") = "SportsStrore.Test", "SportsStrore.Test\SportsStrore.Test.csproj", "{7161F502-7634-4141-A6A8-4BBA329CF680}"
EndProject
Global
	GlobalSection(SolutionConfigurationPlatforms) = preSolution
		Debug|Any CPU = Debug|Any CPU
		Release|Any CPU = Release|Any CPU
	EndGlobalSection
	GlobalSection(ProjectConfigurationPlatforms) = postSolution
		{F1C926C4-A372-4017-99B4-64D34915A736}.Debug|Any CPU.ActiveCfg = Debug|Any CPU
		{F1C926C4-A372-4017-99B4-64D34915A736}.Debug|Any CPU.Build.0 = Debug|Any CPU
		{F1C926C4-A372-4017-99B4-64D34915A736}.Release|Any CPU.ActiveCfg = Release|Any CPU
		{F1C926C4-A372-4017-99B4-64D34915A736}.Release|Any CPU.Build.0 = Release|Any CPU
		{7161F502-7634-4141-A6A8-4BBA329CF680}.Debug|Any CPU.ActiveCfg = Debug|Any CPU
		{7161F502-7634-4141-A6A8-4BBA329CF680}.Debug|Any CPU.Build.0 = Debug|Any CPU
		{7161F502-7634-4141-A6A8-4BBA329CF680}.Release|Any CPU.ActiveCfg = Release|Any CPU
		{7161F502-7634-4141-A6A8-4BBA329CF680}.Release|Any CPU.Build.0 = Release|Any CPU
	EndGlobalSection
	GlobalSection(SolutionProperties) = preSolution
		HideSolutionNode = FALSE
	EndGlobalSection
	GlobalSection(ExtensibilityGlobals) = postSolution
		SolutionGuid = {ECBB49F4-B41D-4F41-B750-EC7BB598270D}
	EndGlobalSection
EndGlobal
